
Microsoft Visual Studio Solution File, Format Version 12.00
# Visual Studio Version 17
VisualStudioVersion = 17.4.33205.214
MinimumVisualStudioVersion = 10.0.40219.1
Project("{FAE04EC0-301F-11D3-BF4B-00C04F79EFBC}") = "PdfParser", "PdfParser\PdfParser.csproj", "{E58A554A-D38D-4DC5-AA4F-9A73286DCFD0}"
EndProject
Global
	GlobalSection(SolutionConfigurationPlatforms) = preSolution
		Debug|Any CPU = Debug|Any CPU
		Release|Any CPU = Release|Any CPU
	EndGlobalSection
	GlobalSection(ProjectConfigurationPlatforms) = postSolution
		{E58A554A-D38D-4DC5-AA4F-9A73286DCFD0}.Debug|Any CPU.ActiveCfg = Debug|Any CPU
		{E58A554A-D38D-4DC5-AA4F-9A73286DCFD0}.Debug|Any CPU.Build.0 = Debug|Any CPU
		{E58A554A-D38D-4DC5-AA4F-9A73286DCFD0}.Release|Any CPU.ActiveCfg = Release|Any CPU
		{E58A554A-D38D-4DC5-AA4F-9A73286DCFD0}.Release|Any CPU.Build.0 = Release|Any CPU
	EndGlobalSection
	GlobalSection(SolutionProperties) = preSolution
		HideSolutionNode = FALSE
	EndGlobalSection
	GlobalSection(ExtensibilityGlobals) = postSolution
		SolutionGuid = {801F91EB-E8A8-49C9-B979-D3C8E6D4F6C4}
	EndGlobalSection
EndGlobal
